
Microsoft Visual Studio Solution File, Format Version 12.00
# Visual Studio Version 17
VisualStudioVersion = 17.14.36915.13 d17.14
MinimumVisualStudioVersion = 10.0.40219.1
Project("{8BC9CEB8-8B4A-11D0-8D11-00A0C91BC942}") = "console-color-changer", "console-color-changer\console-color-changer.vcxproj", "{881D24F4-B471-45A9-AFE5-B8640823ACFD}"
EndProject
Global
	GlobalSection(SolutionConfigurationPlatforms) = preSolution
		Debug|x64 = Debug|x64
		Debug|x86 = Debug|x86
		Release|x64 = Release|x64
		Release|x86 = Release|x86
	EndGlobalSection
	GlobalSection(ProjectConfigurationPlatforms) = postSolution
		{881D24F4-B471-45A9-AFE5-B8640823ACFD}.Debug|x64.ActiveCfg = Debug|x64
		{881D24F4-B471-45A9-AFE5-B8640823ACFD}.Debug|x64.Build.0 = Debug|x64
		{881D24F4-B471-45A9-AFE5-B8640823ACFD}.Debug|x86.ActiveCfg = Debug|Win32
		{881D24F4-B471-45A9-AFE5-B8640823ACFD}.Debug|x86.Build.0 = Debug|Win32
		{881D24F4-B471-45A9-AFE5-B8640823ACFD}.Release|x64.ActiveCfg = Release|x64
		{881D24F4-B471-45A9-AFE5-B8640823ACFD}.Release|x64.Build.0 = Release|x64
		{881D24F4-B471-45A9-AFE5-B8640823ACFD}.Release|x86.ActiveCfg = Release|Win32
		{881D24F4-B471-45A9-AFE5-B8640823ACFD}.Release|x86.Build.0 = Release|Win32
	EndGlobalSection
	GlobalSection(SolutionProperties) = preSolution
		HideSolutionNode = FALSE
	EndGlobalSection
	GlobalSection(ExtensibilityGlobals) = postSolution
		SolutionGuid = {1FE11221-DE43-494C-A981-4AFE1BD32B54}
	EndGlobalSection
EndGlobal
