
Microsoft Visual Studio Solution File, Format Version 12.00
# Visual Studio Version 17
VisualStudioVersion = 17.14.36915.13 d17.14
MinimumVisualStudioVersion = 10.0.40219.1
Project("{8BC9CEB8-8B4A-11D0-8D11-00A0C91BC942}") = "problem-03-even-or-odd", "problem-03-even-or-odd\problem-03-even-or-odd.vcxproj", "{DA5CB8D6-2CC8-480E-95E1-67CD760FCB87}"
EndProject
Global
	GlobalSection(SolutionConfigurationPlatforms) = preSolution
		Debug|x64 = Debug|x64
		Debug|x86 = Debug|x86
		Release|x64 = Release|x64
		Release|x86 = Release|x86
	EndGlobalSection
	GlobalSection(ProjectConfigurationPlatforms) = postSolution
		{DA5CB8D6-2CC8-480E-95E1-67CD760FCB87}.Debug|x64.ActiveCfg = Debug|x64
		{DA5CB8D6-2CC8-480E-95E1-67CD760FCB87}.Debug|x64.Build.0 = Debug|x64
		{DA5CB8D6-2CC8-480E-95E1-67CD760FCB87}.Debug|x86.ActiveCfg = Debug|Win32
		{DA5CB8D6-2CC8-480E-95E1-67CD760FCB87}.Debug|x86.Build.0 = Debug|Win32
		{DA5CB8D6-2CC8-480E-95E1-67CD760FCB87}.Release|x64.ActiveCfg = Release|x64
		{DA5CB8D6-2CC8-480E-95E1-67CD760FCB87}.Release|x64.Build.0 = Release|x64
		{DA5CB8D6-2CC8-480E-95E1-67CD760FCB87}.Release|x86.ActiveCfg = Release|Win32
		{DA5CB8D6-2CC8-480E-95E1-67CD760FCB87}.Release|x86.Build.0 = Release|Win32
	EndGlobalSection
	GlobalSection(SolutionProperties) = preSolution
		HideSolutionNode = FALSE
	EndGlobalSection
	GlobalSection(ExtensibilityGlobals) = postSolution
		SolutionGuid = {93362705-32A3-481B-A27F-1B213F72C32B}
	EndGlobalSection
EndGlobal
